
Microsoft Visual Studio Solution File, Format Version 12.00
# Visual Studio 15
VisualStudioVersion = 15.0.28010.2036
MinimumVisualStudioVersion = 10.0.40219.1
Project("{FAE04EC0-301F-11D3-BF4B-00C04F79EFBC}") = "lab3", "lab3\lab3.csproj", "{3D3F0AFB-9A42-421E-81D4-ED7F9A2C88EB}"
EndProject
Global
	GlobalSection(SolutionConfigurationPlatforms) = preSolution
		Debug|Any CPU = Debug|Any CPU
		Release|Any CPU = Release|Any CPU
	EndGlobalSection
	GlobalSection(ProjectConfigurationPlatforms) = postSolution
		{3D3F0AFB-9A42-421E-81D4-ED7F9A2C88EB}.Debug|Any CPU.ActiveCfg = Debug|Any CPU
		{3D3F0AFB-9A42-421E-81D4-ED7F9A2C88EB}.Debug|Any CPU.Build.0 = Debug|Any CPU
		{3D3F0AFB-9A42-421E-81D4-ED7F9A2C88EB}.Release|Any CPU.ActiveCfg = Release|Any CPU
		{3D3F0AFB-9A42-421E-81D4-ED7F9A2C88EB}.Release|Any CPU.Build.0 = Release|Any CPU
	EndGlobalSection
	GlobalSection(SolutionProperties) = preSolution
		HideSolutionNode = FALSE
	EndGlobalSection
	GlobalSection(ExtensibilityGlobals) = postSolution
		SolutionGuid = {76B100A5-6594-4B74-8A34-A971DC15D881}
	EndGlobalSection
EndGlobal
